// !$*UTF8*$!
{
	archiveVersion = 1;
	classes = {
	};
	objectVersion = 56;
	objects = {

/* Begin PBXBuildFile section */
		E9DFA8B22AEDCA1400046307 /* AppDelegate.swift in Sources */ = {isa = PBXBuildFile; fileRef = E9DFA8B12AEDCA1400046307 /* AppDelegate.swift */; };
		E9DFA8B42AEDCA1400046307 /* ContentView.swift in Sources */ = {isa = PBXBuildFile; fileRef = E9DFA8B32AEDCA1400046307 /* ContentView.swift */; };
		E9DFA8B62AEDCA1600046307 /* Assets.xcassets in Resources */ = {isa = PBXBuildFile; fileRef = E9DFA8B52AEDCA1600046307 /* Assets.xcassets */; };
		E9DFA8B92AEDCA1600046307 /* Preview Assets.xcassets in Resources */ = {isa = PBXBuildFile; fileRef = E9DFA8B82AEDCA1600046307 /* Preview Assets.xcassets */; };
		E9DFA8C32AEDCA1600046307 /* baymaxTests.swift in Sources */ = {isa = PBXBuildFile; fileRef = E9DFA8C22AEDCA1600046307 /* baymaxTests.swift */; };
		E9DFA8CD2AEDCA1600046307 /* baymaxUITests.swift in Sources */ = {isa = PBXBuildFile; fileRef = E9DFA8CC2AEDCA1600046307 /* baymaxUITests.swift */; };
		E9DFA8CF2AEDCA1600046307 /* baymaxUITestsLaunchTests.swift in Sources */ = {isa = PBXBuildFile; fileRef = E9DFA8CE2AEDCA1600046307 /* baymaxUITestsLaunchTests.swift */; };
/* End PBXBuildFile section */

/* Begin PBXContainerItemProxy section */
		E9DFA8BF2AEDCA1600046307 /* PBXContainerItemProxy */ = {
			isa = PBXContainerItemProxy;
			containerPortal = E9DFA8A62AEDCA1400046307 /* Project object */;
			proxyType = 1;
			remoteGlobalIDString = E9DFA8AD2AEDCA1400046307;
			remoteInfo = baymax;
		};
		E9DFA8C92AEDCA1600046307 /* PBXContainerItemProxy */ = {
			isa = PBXContainerItemProxy;
			containerPortal = E9DFA8A62AEDCA1400046307 /* Project object */;
			proxyType = 1;
			remoteGlobalIDString = E9DFA8AD2AEDCA1400046307;
			remoteInfo = baymax;
		};
/* End PBXContainerItemProxy section */

/* Begin PBXFileReference section */
		E9DFA8AE2AEDCA1400046307 /* baymax.app */ = {isa = PBXFileReference; explicitFileType = wrapper.application; includeInIndex = 0; path = baymax.app; sourceTree = BUILT_PRODUCTS_DIR; };
		E9DFA8B12AEDCA1400046307 /* AppDelegate.swift */ = {isa = PBXFileReference; lastKnownFileType = sourcecode.swift; path = AppDelegate.swift; sourceTree = "<group>"; };
		E9DFA8B32AEDCA1400046307 /* ContentView.swift */ = {isa = PBXFileReference; lastKnownFileType = sourcecode.swift; path = ContentView.swift; sourceTree = "<group>"; };
		E9DFA8B52AEDCA1600046307 /* Assets.xcassets */ = {isa = PBXFileReference; lastKnownFileType = folder.assetcatalog; path = Assets.xcassets; sourceTree = "<group>"; };
		E9DFA8B82AEDCA1600046307 /* Preview Assets.xcassets */ = {isa = PBXFileReference; lastKnownFileType = folder.assetcatalog; path = "Preview Assets.xcassets"; sourceTree = "<group>"; };
		E9DFA8BE2AEDCA1600046307 /* baymaxTests.xctest */ = {isa = PBXFileReference; explicitFileType = wrapper.cfbundle; includeInIndex = 0; path = baymaxTests.xctest; sourceTree = BUILT_PRODUCTS_DIR; };
		E9DFA8C22AEDCA1600046307 /* baymaxTests.swift */ = {isa = PBXFileReference; lastKnownFileType = sourcecode.swift; path = baymaxTests.swift; sourceTree = "<group>"; };
		E9DFA8C82AEDCA1600046307 /* baymaxUITests.xctest */ = {isa = PBXFileReference; explicitFileType = wrapper.cfbundle; includeInIndex = 0; path = baymaxUITests.xctest; sourceTree = BUILT_PRODUCTS_DIR; };
		E9DFA8CC2AEDCA1600046307 /* baymaxUITests.swift */ = {isa = PBXFileReference; lastKnownFileType = sourcecode.swift; path = baymaxUITests.swift; sourceTree = "<group>"; };
		E9DFA8CE2AEDCA1600046307 /* baymaxUITestsLaunchTests.swift */ = {isa = PBXFileReference; lastKnownFileType = sourcecode.swift; path = baymaxUITestsLaunchTests.swift; sourceTree = "<group>"; };
/* End PBXFileReference section */

/* Begin PBXFrameworksBuildPhase section */
		E9DFA8AB2AEDCA1400046307 /* Frameworks */ = {
			isa = PBXFrameworksBuildPhase;
			buildActionMask = 2147483647;
			files = (
			);
			runOnlyForDeploymentPostprocessing = 0;
		};
		E9DFA8BB2AEDCA1600046307 /* Frameworks */ = {
			isa = PBXFrameworksBuildPhase;
			buildActionMask = 2147483647;
			files = (
			);
			runOnlyForDeploymentPostprocessing = 0;
		};
		E9DFA8C52AEDCA1600046307 /* Frameworks */ = {
			isa = PBXFrameworksBuildPhase;
			buildActionMask = 2147483647;
			files = (
			);
			runOnlyForDeploymentPostprocessing = 0;
		};
/* End PBXFrameworksBuildPhase section */

/* Begin PBXGroup section */
		E9DFA8A52AEDCA1400046307 = {
			isa = PBXGroup;
			children = (
				E9DFA8B02AEDCA1400046307 /* baymax */,
				E9DFA8C12AEDCA1600046307 /* baymaxTests */,
				E9DFA8CB2AEDCA1600046307 /* baymaxUITests */,
				E9DFA8AF2AEDCA1400046307 /* Products */,
			);
			sourceTree = "<group>";
		};
		E9DFA8AF2AEDCA1400046307 /* Products */ = {
			isa = PBXGroup;
			children = (
				E9DFA8AE2AEDCA1400046307 /* baymax.app */,
				E9DFA8BE2AEDCA1600046307 /* baymaxTests.xctest */,
				E9DFA8C82AEDCA1600046307 /* baymaxUITests.xctest */,
			);
			name = Products;
			sourceTree = "<group>";
		};
		E9DFA8B02AEDCA1400046307 /* baymax */ = {
			isa = PBXGroup;
			children = (
				E9DFA8B12AEDCA1400046307 /* AppDelegate.swift */,
				E9DFA8B32AEDCA1400046307 /* ContentView.swift */,
				E9DFA8B52AEDCA1600046307 /* Assets.xcassets */,
				E9DFA8B72AEDCA1600046307 /* Preview Content */,
			);
			path = baymax;
			sourceTree = "<group>";
		};
		E9DFA8B72AEDCA1600046307 /* Preview Content */ = {
			isa = PBXGroup;
			children = (
				E9DFA8B82AEDCA1600046307 /* Preview Assets.xcassets */,
			);
			path = "Preview Content";
			sourceTree = "<group>";
		};
		E9DFA8C12AEDCA1600046307 /* baymaxTests */ = {
			isa = PBXGroup;
			children = (
				E9DFA8C22AEDCA1600046307 /* baymaxTests.swift */,
			);
			path = baymaxTests;
			sourceTree = "<group>";
		};
		E9DFA8CB2AEDCA1600046307 /* baymaxUITests */ = {
			isa = PBXGroup;
			children = (
				E9DFA8CC2AEDCA1600046307 /* baymaxUITests.swift */,
				E9DFA8CE2AEDCA1600046307 /* baymaxUITestsLaunchTests.swift */,
			);
			path = baymaxUITests;
			sourceTree = "<group>";
		};
/* End PBXGroup section */

/* Begin PBXNativeTarget section */
		E9DFA8AD2AEDCA1400046307 /* baymax */ = {
			isa = PBXNativeTarget;
			buildConfigurationList = E9DFA8D22AEDCA1600046307 /* Build configuration list for PBXNativeTarget "baymax" */;
			buildPhases = (
				E9DFA8AA2AEDCA1400046307 /* Sources */,
				E9DFA8AB2AEDCA1400046307 /* Frameworks */,
				E9DFA8AC2AEDCA1400046307 /* Resources */,
			);
			buildRules = (
			);
			dependencies = (
			);
			name = baymax;
			productName = baymax;
			productReference = E9DFA8AE2AEDCA1400046307 /* baymax.app */;
			productType = "com.apple.product-type.application";
		};
		E9DFA8BD2AEDCA1600046307 /* baymaxTests */ = {
			isa = PBXNativeTarget;
			buildConfigurationList = E9DFA8D52AEDCA1600046307 /* Build configuration list for PBXNativeTarget "baymaxTests" */;
			buildPhases = (
				E9DFA8BA2AEDCA1600046307 /* Sources */,
				E9DFA8BB2AEDCA1600046307 /* Frameworks */,
				E9DFA8BC2AEDCA1600046307 /* Resources */,
			);
			buildRules = (
			);
			dependencies = (
				E9DFA8C02AEDCA1600046307 /* PBXTargetDependency */,
			);
			name = baymaxTests;
			productName = baymaxTests;
			productReference = E9DFA8BE2AEDCA1600046307 /* baymaxTests.xctest */;
			productType = "com.apple.product-type.bundle.unit-test";
		};
		E9DFA8C72AEDCA1600046307 /* baymaxUITests */ = {
			isa = PBXNativeTarget;
			buildConfigurationList = E9DFA8D82AEDCA1600046307 /* Build configuration list for PBXNativeTarget "baymaxUITests" */;
			buildPhases = (
				E9DFA8C42AEDCA1600046307 /* Sources */,
				E9DFA8C52AEDCA1600046307 /* Frameworks */,
				E9DFA8C62AEDCA1600046307 /* Resources */,
			);
			buildRules = (
			);
			dependencies = (
				E9DFA8CA2AEDCA1600046307 /* PBXTargetDependency */,
			);
			name = baymaxUITests;
			productName = baymaxUITests;
			productReference = E9DFA8C82AEDCA1600046307 /* baymaxUITests.xctest */;
			productType = "com.apple.product-type.bundle.ui-testing";
		};
/* End PBXNativeTarget section */

/* Begin PBXProject section */
		E9DFA8A62AEDCA1400046307 /* Project object */ = {
			isa = PBXProject;
			attributes = {
				BuildIndependentTargetsInParallel = 1;
				LastSwiftUpdateCheck = 1500;
				LastUpgradeCheck = 1500;
				TargetAttributes = {
					E9DFA8AD2AEDCA1400046307 = {
						CreatedOnToolsVersion = 15.0.1;
					};
					E9DFA8BD2AEDCA1600046307 = {
						CreatedOnToolsVersion = 15.0.1;
						TestTargetID = E9DFA8AD2AEDCA1400046307;
					};
					E9DFA8C72AEDCA1600046307 = {
						CreatedOnToolsVersion = 15.0.1;
						TestTargetID = E9DFA8AD2AEDCA1400046307;
					};
				};
			};
			buildConfigurationList = E9DFA8A92AEDCA1400046307 /* Build configuration list for PBXProject "baymax" */;
			compatibilityVersion = "Xcode 14.0";
			developmentRegion = en;
			hasScannedForEncodings = 0;
			knownRegions = (
				en,
				Base,
			);
			mainGroup = E9DFA8A52AEDCA1400046307;
			productRefGroup = E9DFA8AF2AEDCA1400046307 /* Products */;
			projectDirPath = "";
			projectRoot = "";
			targets = (
				E9DFA8AD2AEDCA1400046307 /* baymax */,
				E9DFA8BD2AEDCA1600046307 /* baymaxTests */,
				E9DFA8C72AEDCA1600046307 /* baymaxUITests */,
			);
		};
/* End PBXProject section */

/* Begin PBXResourcesBuildPhase section */
		E9DFA8AC2AEDCA1400046307 /* Resources */ = {
			isa = PBXResourcesBuildPhase;
			buildActionMask = 2147483647;
			files = (
				E9DFA8B92AEDCA1600046307 /* Preview Assets.xcassets in Resources */,
				E9DFA8B62AEDCA1600046307 /* Assets.xcassets in Resources */,
			);
			runOnlyForDeploymentPostprocessing = 0;
		};
		E9DFA8BC2AEDCA1600046307 /* Resources */ = {
			isa = PBXResourcesBuildPhase;
			buildActionMask = 2147483647;
			files = (
			);
			runOnlyForDeploymentPostprocessing = 0;
		};
		E9DFA8C62AEDCA1600046307 /* Resources */ = {
			isa = PBXResourcesBuildPhase;
			buildActionMask = 2147483647;
			files = (
			);
			runOnlyForDeploymentPostprocessing = 0;
		};
/* End PBXResourcesBuildPhase section */

/* Begin PBXSourcesBuildPhase section */
		E9DFA8AA2AEDCA1400046307 /* Sources */ = {
			isa = PBXSourcesBuildPhase;
			buildActionMask = 2147483647;
			files = (
				E9DFA8B42AEDCA1400046307 /* ContentView.swift in Sources */,
				E9DFA8B22AEDCA1400046307 /* AppDelegate.swift in Sources */,
			);
			runOnlyForDeploymentPostprocessing = 0;
		};
		E9DFA8BA2AEDCA1600046307 /* Sources */ = {
			isa = PBXSourcesBuildPhase;
			buildActionMask = 2147483647;
			files = (
				E9DFA8C32AEDCA1600046307 /* baymaxTests.swift in Sources */,
			);
			runOnlyForDeploymentPostprocessing = 0;
		};
		E9DFA8C42AEDCA1600046307 /* Sources */ = {
			isa = PBXSourcesBuildPhase;
			buildActionMask = 2147483647;
			files = (
				E9DFA8CF2AEDCA1600046307 /* baymaxUITestsLaunchTests.swift in Sources */,
				E9DFA8CD2AEDCA1600046307 /* baymaxUITests.swift in Sources */,
			);
			runOnlyForDeploymentPostprocessing = 0;
		};
/* End PBXSourcesBuildPhase section */

/* Begin PBXTargetDependency section */
		E9DFA8C02AEDCA1600046307 /* PBXTargetDependency */ = {
			isa = PBXTargetDependency;
			target = E9DFA8AD2AEDCA1400046307 /* baymax */;
			targetProxy = E9DFA8BF2AEDCA1600046307 /* PBXContainerItemProxy */;
		};
		E9DFA8CA2AEDCA1600046307 /* PBXTargetDependency */ = {
			isa = PBXTargetDependency;
			target = E9DFA8AD2AEDCA1400046307 /* baymax */;
			targetProxy = E9DFA8C92AEDCA1600046307 /* PBXContainerItemProxy */;
		};
/* End PBXTargetDependency section */

/* Begin XCBuildConfiguration section */
		E9DFA8D02AEDCA1600046307 /* Debug */ = {
			isa = XCBuildConfiguration;
			buildSettings = {
				ALWAYS_SEARCH_USER_PATHS = NO;
				ASSETCATALOG_COMPILER_GENERATE_SWIFT_ASSET_SYMBOL_EXTENSIONS = YES;
				CLANG_ANALYZER_NONNULL = YES;
				CLANG_ANALYZER_NUMBER_OBJECT_CONVERSION = YES_AGGRESSIVE;
				CLANG_CXX_LANGUAGE_STANDARD = "gnu++20";
				CLANG_ENABLE_MODULES = YES;
				CLANG_ENABLE_OBJC_ARC = YES;
				CLANG_ENABLE_OBJC_WEAK = YES;
				CLANG_WARN_BLOCK_CAPTURE_AUTORELEASING = YES;
				CLANG_WARN_BOOL_CONVERSION = YES;
				CLANG_WARN_COMMA = YES;
				CLANG_WARN_CONSTANT_CONVERSION = YES;
				CLANG_WARN_DEPRECATED_OBJC_IMPLEMENTATIONS = YES;
				CLANG_WARN_DIRECT_OBJC_ISA_USAGE = YES_ERROR;
				CLANG_WARN_DOCUMENTATION_COMMENTS = YES;
				CLANG_WARN_EMPTY_BODY = YES;
				CLANG_WARN_ENUM_CONVERSION = YES;
				CLANG_WARN_INFINITE_RECURSION = YES;
				CLANG_WARN_INT_CONVERSION = YES;
				CLANG_WARN_NON_LITERAL_NULL_CONVERSION = YES;
				CLANG_WARN_OBJC_IMPLICIT_RETAIN_SELF = YES;
				CLANG_WARN_OBJC_LITERAL_CONVERSION = YES;
				CLANG_WARN_OBJC_ROOT_CLASS = YES_ERROR;
				CLANG_WARN_QUOTED_INCLUDE_IN_FRAMEWORK_HEADER = YES;
				CLANG_WARN_RANGE_LOOP_ANALYSIS = YES;
				CLANG_WARN_STRICT_PROTOTYPES = YES;
				CLANG_WARN_SUSPICIOUS_MOVE = YES;
				CLANG_WARN_UNGUARDED_AVAILABILITY = YES_AGGRESSIVE;
				CLANG_WARN_UNREACHABLE_CODE = YES;
				CLANG_WARN__DUPLICATE_METHOD_MATCH = YES;
				COPY_PHASE_STRIP = NO;
				DEBUG_INFORMATION_FORMAT = dwarf;
				ENABLE_STRICT_OBJC_MSGSEND = YES;
				ENABLE_TESTABILITY = YES;
				ENABLE_USER_SCRIPT_SANDBOXING = YES;
				GCC_C_LANGUAGE_STANDARD = gnu17;
				GCC_DYNAMIC_NO_PIC = NO;
				GCC_NO_COMMON_BLOCKS = YES;
				GCC_OPTIMIZATION_LEVEL = 0;
				GCC_PREPROCESSOR_DEFINITIONS = (
					"DEBUG=1",
					"$(inherited)",
				);
				GCC_WARN_64_TO_32_BIT_CONVERSION = YES;
				GCC_WARN_ABOUT_RETURN_TYPE = YES_ERROR;
				GCC_WARN_UNDECLARED_SELECTOR = YES;
				GCC_WARN_UNINITIALIZED_AUTOS = YES_AGGRESSIVE;
				GCC_WARN_UNUSED_FUNCTION = YES;
				GCC_WARN_UNUSED_VARIABLE = YES;
				IPHONEOS_DEPLOYMENT_TARGET = 17.0;
				LOCALIZATION_PREFERS_STRING_CATALOGS = YES;
				MTL_ENABLE_DEBUG_INFO = INCLUDE_SOURCE;
				MTL_FAST_MATH = YES;
				ONLY_ACTIVE_ARCH = YES;
				SDKROOT = iphoneos;
				SWIFT_ACTIVE_COMPILATION_CONDITIONS = "DEBUG $(inherited)";
				SWIFT_OPTIMIZATION_LEVEL = "-Onone";
			};
			name = Debug;
		};
		E9DFA8D12AEDCA1600046307 /* Release */ = {
			isa = XCBuildConfiguration;
			buildSettings = {
				ALWAYS_SEARCH_USER_PATHS = NO;
				ASSETCATALOG_COMPILER_GENERATE_SWIFT_ASSET_SYMBOL_EXTENSIONS = YES;
				CLANG_ANALYZER_NONNULL = YES;
				CLANG_ANALYZER_NUMBER_OBJECT_CONVERSION = YES_AGGRESSIVE;
				CLANG_CXX_LANGUAGE_STANDARD = "gnu++20";
				CLANG_ENABLE_MODULES = YES;
				CLANG_ENABLE_OBJC_ARC = YES;
				CLANG_ENABLE_OBJC_WEAK = YES;
				CLANG_WARN_BLOCK_CAPTURE_AUTORELEASING = YES;
				CLANG_WARN_BOOL_CONVERSION = YES;
				CLANG_WARN_COMMA = YES;
				CLANG_WARN_CONSTANT_CONVERSION = YES;
				CLANG_WARN_DEPRECATED_OBJC_IMPLEMENTATIONS = YES;
				CLANG_WARN_DIRECT_OBJC_ISA_USAGE = YES_ERROR;
				CLANG_WARN_DOCUMENTATION_COMMENTS = YES;
				CLANG_WARN_EMPTY_BODY = YES;
				CLANG_WARN_ENUM_CONVERSION = YES;
				CLANG_WARN_INFINITE_RECURSION = YES;
				CLANG_WARN_INT_CONVERSION = YES;
				CLANG_WARN_NON_LITERAL_NULL_CONVERSION = YES;
				CLANG_WARN_OBJC_IMPLICIT_RETAIN_SELF = YES;
				CLANG_WARN_OBJC_LITERAL_CONVERSION = YES;
				CLANG_WARN_OBJC_ROOT_CLASS = YES_ERROR;
				CLANG_WARN_QUOTED_INCLUDE_IN_FRAMEWORK_HEADER = YES;
				CLANG_WARN_RANGE_LOOP_ANALYSIS = YES;
				CLANG_WARN_STRICT_PROTOTYPES = YES;
				CLANG_WARN_SUSPICIOUS_MOVE = YES;
				CLANG_WARN_UNGUARDED_AVAILABILITY = YES_AGGRESSIVE;
				CLANG_WARN_UNREACHABLE_CODE = YES;
				CLANG_WARN__DUPLICATE_METHOD_MATCH = YES;
				COPY_PHASE_STRIP = NO;
				DEBUG_INFORMATION_FORMAT = "dwarf-with-dsym";
				ENABLE_NS_ASSERTIONS = NO;
				ENABLE_STRICT_OBJC_MSGSEND = YES;
				ENABLE_USER_SCRIPT_SANDBOXING = YES;
				GCC_C_LANGUAGE_STANDARD = gnu17;
				GCC_NO_COMMON_BLOCKS = YES;
				GCC_WARN_64_TO_32_BIT_CONVERSION = YES;
				GCC_WARN_ABOUT_RETURN_TYPE = YES_ERROR;
				GCC_WARN_UNDECLARED_SELECTOR = YES;
				GCC_WARN_UNINITIALIZED_AUTOS = YES_AGGRESSIVE;
				GCC_WARN_UNUSED_FUNCTION = YES;
				GCC_WARN_UNUSED_VARIABLE = YES;
				IPHONEOS_DEPLOYMENT_TARGET = 17.0;
				LOCALIZATION_PREFERS_STRING_CATALOGS = YES;
				MTL_ENABLE_DEBUG_INFO = NO;
				MTL_FAST_MATH = YES;
				SDKROOT = iphoneos;
				SWIFT_COMPILATION_MODE = wholemodule;
				VALIDATE_PRODUCT = YES;
			};
			name = Release;
		};
		E9DFA8D32AEDCA1600046307 /* Debug */ = {
			isa = XCBuildConfiguration;
			buildSettings = {
				ASSETCATALOG_COMPILER_APPICON_NAME = AppIcon;
				ASSETCATALOG_COMPILER_GLOBAL_ACCENT_COLOR_NAME = AccentColor;
				CODE_SIGN_STYLE = Automatic;
				CURRENT_PROJECT_VERSION = 1;
				DEVELOPMENT_ASSET_PATHS = "\"baymax/Preview Content\"";
				DEVELOPMENT_TEAM = U2AXQ98243;
				ENABLE_PREVIEWS = YES;
				GENERATE_INFOPLIST_FILE = YES;
				INFOPLIST_KEY_NSCameraUsageDescription = "";
				INFOPLIST_KEY_UIApplicationSupportsIndirectInputEvents = YES;
				INFOPLIST_KEY_UILaunchScreen_Generation = YES;
				INFOPLIST_KEY_UIRequiredDeviceCapabilities = arkit;
				INFOPLIST_KEY_UIStatusBarHidden = YES;
				INFOPLIST_KEY_UISupportedInterfaceOrientations_iPad = "UIInterfaceOrientationPortrait UIInterfaceOrientationPortraitUpsideDown UIInterfaceOrientationLandscapeLeft UIInterfaceOrientationLandscapeRight";
				INFOPLIST_KEY_UISupportedInterfaceOrientations_iPhone = "UIInterfaceOrientationPortrait UIInterfaceOrientationLandscapeLeft UIInterfaceOrientationLandscapeRight";
				LD_RUNPATH_SEARCH_PATHS = (
					"$(inherited)",
					"@executable_path/Frameworks",
				);
				MARKETING_VERSION = 1.0;
				PRODUCT_BUNDLE_IDENTIFIER = "com-sum.baymax";
				PRODUCT_NAME = "$(TARGET_NAME)";
				SWIFT_EMIT_LOC_STRINGS = YES;
				SWIFT_VERSION = 5.0;
				TARGETED_DEVICE_FAMILY = "1,2";
			};
			name = Debug;
		};
		E9DFA8D42AEDCA1600046307 /* Release */ = {
			isa = XCBuildConfiguration;
			buildSettings = {
				ASSETCATALOG_COMPILER_APPICON_NAME = AppIcon;
				ASSETCATALOG_COMPILER_GLOBAL_ACCENT_COLOR_NAME = AccentColor;
				CODE_SIGN_STYLE = Automatic;
				CURRENT_PROJECT_VERSION = 1;
				DEVELOPMENT_ASSET_PATHS = "\"baymax/Preview Content\"";
				DEVELOPMENT_TEAM = U2AXQ98243;
				ENABLE_PREVIEWS = YES;
				GENERATE_INFOPLIST_FILE = YES;
				INFOPLIST_KEY_NSCameraUsageDescription = "";
				INFOPLIST_KEY_UIApplicationSupportsIndirectInputEvents = YES;
				INFOPLIST_KEY_UILaunchScreen_Generation = YES;
				INFOPLIST_KEY_UIRequiredDeviceCapabilities = arkit;
				INFOPLIST_KEY_UIStatusBarHidden = YES;
				INFOPLIST_KEY_UISupportedInterfaceOrientations_iPad = "UIInterfaceOrientationPortrait UIInterfaceOrientationPortraitUpsideDown UIInterfaceOrientationLandscapeLeft UIInterfaceOrientationLandscapeRight";
				INFOPLIST_KEY_UISupportedInterfaceOrientations_iPhone = "UIInterfaceOrientationPortrait UIInterfaceOrientationLandscapeLeft UIInterfaceOrientationLandscapeRight";
				LD_RUNPATH_SEARCH_PATHS = (
					"$(inherited)",
					"@executable_path/Frameworks",
				);
				MARKETING_VERSION = 1.0;
				PRODUCT_BUNDLE_IDENTIFIER = "com-sum.baymax";
				PRODUCT_NAME = "$(TARGET_NAME)";
				SWIFT_EMIT_LOC_STRINGS = YES;
				SWIFT_VERSION = 5.0;
				TARGETED_DEVICE_FAMILY = "1,2";
			};
			name = Release;
		};
		E9DFA8D62AEDCA1600046307 /* Debug */ = {
			isa = XCBuildConfiguration;
			buildSettings = {
				ALWAYS_EMBED_SWIFT_STANDARD_LIBRARIES = YES;
				BUNDLE_LOADER = "$(TEST_HOST)";
				CODE_SIGN_STYLE = Automatic;
				CURRENT_PROJECT_VERSION = 1;
				DEVELOPMENT_TEAM = U2AXQ98243;
				GENERATE_INFOPLIST_FILE = YES;
				IPHONEOS_DEPLOYMENT_TARGET = 17.0;
				MARKETING_VERSION = 1.0;
				PRODUCT_BUNDLE_IDENTIFIER = "com-sum.baymaxTests";
				PRODUCT_NAME = "$(TARGET_NAME)";
				SWIFT_EMIT_LOC_STRINGS = NO;
				SWIFT_VERSION = 5.0;
				TARGETED_DEVICE_FAMILY = "1,2";
				TEST_HOST = "$(BUILT_PRODUCTS_DIR)/baymax.app/$(BUNDLE_EXECUTABLE_FOLDER_PATH)/baymax";
			};
			name = Debug;
		};
		E9DFA8D72AEDCA1600046307 /* Release */ = {
			isa = XCBuildConfiguration;
			buildSettings = {
				ALWAYS_EMBED_SWIFT_STANDARD_LIBRARIES = YES;
				BUNDLE_LOADER = "$(TEST_HOST)";
				CODE_SIGN_STYLE = Automatic;
				CURRENT_PROJECT_VERSION = 1;
				DEVELOPMENT_TEAM = U2AXQ98243;
				GENERATE_INFOPLIST_FILE = YES;
				IPHONEOS_DEPLOYMENT_TARGET = 17.0;
				MARKETING_VERSION = 1.0;
				PRODUCT_BUNDLE_IDENTIFIER = "com-sum.baymaxTests";
				PRODUCT_NAME = "$(TARGET_NAME)";
				SWIFT_EMIT_LOC_STRINGS = NO;
				SWIFT_VERSION = 5.0;
				TARGETED_DEVICE_FAMILY = "1,2";
				TEST_HOST = "$(BUILT_PRODUCTS_DIR)/baymax.app/$(BUNDLE_EXECUTABLE_FOLDER_PATH)/baymax";
			};
			name = Release;
		};
		E9DFA8D92AEDCA1600046307 /* Debug */ = {
			isa = XCBuildConfiguration;
			buildSettings = {
				ALWAYS_EMBED_SWIFT_STANDARD_LIBRARIES = YES;
				CODE_SIGN_STYLE = Automatic;
				CURRENT_PROJECT_VERSION = 1;
				DEVELOPMENT_TEAM = U2AXQ98243;
				GENERATE_INFOPLIST_FILE = YES;
				MARKETING_VERSION = 1.0;
				PRODUCT_BUNDLE_IDENTIFIER = "com-sum.baymaxUITests";
				PRODUCT_NAME = "$(TARGET_NAME)";
				SWIFT_EMIT_LOC_STRINGS = NO;
				SWIFT_VERSION = 5.0;
				TARGETED_DEVICE_FAMILY = "1,2";
				TEST_TARGET_NAME = baymax;
			};
			name = Debug;
		};
		E9DFA8DA2AEDCA1600046307 /* Release */ = {
			isa = XCBuildConfiguration;
			buildSettings = {
				ALWAYS_EMBED_SWIFT_STANDARD_LIBRARIES = YES;
				CODE_SIGN_STYLE = Automatic;
				CURRENT_PROJECT_VERSION = 1;
				DEVELOPMENT_TEAM = U2AXQ98243;
				GENERATE_INFOPLIST_FILE = YES;
				MARKETING_VERSION = 1.0;
				PRODUCT_BUNDLE_IDENTIFIER = "com-sum.baymaxUITests";
				PRODUCT_NAME = "$(TARGET_NAME)";
				SWIFT_EMIT_LOC_STRINGS = NO;
				SWIFT_VERSION = 5.0;
				TARGETED_DEVICE_FAMILY = "1,2";
				TEST_TARGET_NAME = baymax;
			};
			name = Release;
		};
/* End XCBuildConfiguration section */

/* Begin XCConfigurationList section */
		E9DFA8A92AEDCA1400046307 /* Build configuration list for PBXProject "baymax" */ = {
			isa = XCConfigurationList;
			buildConfigurations = (
				E9DFA8D02AEDCA1600046307 /* Debug */,
				E9DFA8D12AEDCA1600046307 /* Release */,
			);
			defaultConfigurationIsVisible = 0;
			defaultConfigurationName = Release;
		};
		E9DFA8D22AEDCA1600046307 /* Build configuration list for PBXNativeTarget "baymax" */ = {
			isa = XCConfigurationList;
			buildConfigurations = (
				E9DFA8D32AEDCA1600046307 /* Debug */,
				E9DFA8D42AEDCA1600046307 /* Release */,
			);
			defaultConfigurationIsVisible = 0;
			defaultConfigurationName = Release;
		};
		E9DFA8D52AEDCA1600046307 /* Build configuration list for PBXNativeTarget "baymaxTests" */ = {
			isa = XCConfigurationList;
			buildConfigurations = (
				E9DFA8D62AEDCA1600046307 /* Debug */,
				E9DFA8D72AEDCA1600046307 /* Release */,
			);
			defaultConfigurationIsVisible = 0;
			defaultConfigurationName = Release;
		};
		E9DFA8D82AEDCA1600046307 /* Build configuration list for PBXNativeTarget "baymaxUITests" */ = {
			isa = XCConfigurationList;
			buildConfigurations = (
				E9DFA8D92AEDCA1600046307 /* Debug */,
				E9DFA8DA2AEDCA1600046307 /* Release */,
			);
			defaultConfigurationIsVisible = 0;
			defaultConfigurationName = Release;
		};
/* End XCConfigurationList section */
	};
	rootObject = E9DFA8A62AEDCA1400046307 /* Project object */;
}
